
Microsoft Visual Studio Solution File, Format Version 12.00
# Visual Studio 15
VisualStudioVersion = 15.0.26124.0
MinimumVisualStudioVersion = 15.0.26124.0
Project("{FAE04EC0-301F-11D3-BF4B-00C04F79EFBC}") = "Gybs", "src\Gybs\Gybs.csproj", "{E53713F8-79EC-4FE4-A624-8DC58EC27E01}"
EndProject
Project("{FAE04EC0-301F-11D3-BF4B-00C04F79EFBC}") = "Gybs.Data.Ef", "src\Gybs.Data.Ef\Gybs.Data.Ef.csproj", "{86C51E77-4538-45D8-8519-F9C58E748352}"
EndProject
Project("{FAE04EC0-301F-11D3-BF4B-00C04F79EFBC}") = "Gybs.Data.Repositories", "src\Gybs.Data.Repositories\Gybs.Data.Repositories.csproj", "{D0FD9166-895A-47A2-9621-20455E0D6CD5}"
EndProject
Project("{FAE04EC0-301F-11D3-BF4B-00C04F79EFBC}") = "Gybs.Logic.Cqrs", "src\Gybs.Logic.Cqrs\Gybs.Logic.Cqrs.csproj", "{30FDC611-D5F8-498A-8280-3EF3240779FE}"
EndProject
Project("{FAE04EC0-301F-11D3-BF4B-00C04F79EFBC}") = "Gybs.Logic.Events", "src\Gybs.Logic.Events\Gybs.Logic.Events.csproj", "{865D413F-DD7D-4236-80F0-D01AEAA193B1}"
EndProject
Project("{FAE04EC0-301F-11D3-BF4B-00C04F79EFBC}") = "Gybs.Logic.Validation", "src\Gybs.Logic.Validation\Gybs.Logic.Validation.csproj", "{272017EE-9912-48D5-8ADF-7A85738175B6}"
EndProject
Project("{2150E333-8FDC-42A3-9474-1A3956D46DE8}") = "tests", "tests", "{2EFDB8E7-4D52-42BB-A80C-5E778BE01453}"
EndProject
Project("{FAE04EC0-301F-11D3-BF4B-00C04F79EFBC}") = "Gybs.Tests", "tests\Gybs.Tests\Gybs.Tests.csproj", "{D351FD60-5892-4E8D-9A71-CF6DECB68838}"
EndProject
Global
	GlobalSection(SolutionConfigurationPlatforms) = preSolution
		Debug|Any CPU = Debug|Any CPU
		Debug|x64 = Debug|x64
		Debug|x86 = Debug|x86
		Release|Any CPU = Release|Any CPU
		Release|x64 = Release|x64
		Release|x86 = Release|x86
	EndGlobalSection
	GlobalSection(SolutionProperties) = preSolution
		HideSolutionNode = FALSE
	EndGlobalSection
	GlobalSection(ProjectConfigurationPlatforms) = postSolution
		{E53713F8-79EC-4FE4-A624-8DC58EC27E01}.Debug|Any CPU.ActiveCfg = Debug|Any CPU
		{E53713F8-79EC-4FE4-A624-8DC58EC27E01}.Debug|Any CPU.Build.0 = Debug|Any CPU
		{E53713F8-79EC-4FE4-A624-8DC58EC27E01}.Debug|x64.ActiveCfg = Debug|Any CPU
		{E53713F8-79EC-4FE4-A624-8DC58EC27E01}.Debug|x64.Build.0 = Debug|Any CPU
		{E53713F8-79EC-4FE4-A624-8DC58EC27E01}.Debug|x86.ActiveCfg = Debug|Any CPU
		{E53713F8-79EC-4FE4-A624-8DC58EC27E01}.Debug|x86.Build.0 = Debug|Any CPU
		{E53713F8-79EC-4FE4-A624-8DC58EC27E01}.Release|Any CPU.ActiveCfg = Release|Any CPU
		{E53713F8-79EC-4FE4-A624-8DC58EC27E01}.Release|Any CPU.Build.0 = Release|Any CPU
		{E53713F8-79EC-4FE4-A624-8DC58EC27E01}.Release|x64.ActiveCfg = Release|Any CPU
		{E53713F8-79EC-4FE4-A624-8DC58EC27E01}.Release|x64.Build.0 = Release|Any CPU
		{E53713F8-79EC-4FE4-A624-8DC58EC27E01}.Release|x86.ActiveCfg = Release|Any CPU
		{E53713F8-79EC-4FE4-A624-8DC58EC27E01}.Release|x86.Build.0 = Release|Any CPU
		{86C51E77-4538-45D8-8519-F9C58E748352}.Debug|Any CPU.ActiveCfg = Debug|Any CPU
		{86C51E77-4538-45D8-8519-F9C58E748352}.Debug|Any CPU.Build.0 = Debug|Any CPU
		{86C51E77-4538-45D8-8519-F9C58E748352}.Debug|x64.ActiveCfg = Debug|Any CPU
		{86C51E77-4538-45D8-8519-F9C58E748352}.Debug|x64.Build.0 = Debug|Any CPU
		{86C51E77-4538-45D8-8519-F9C58E748352}.Debug|x86.ActiveCfg = Debug|Any CPU
		{86C51E77-4538-45D8-8519-F9C58E748352}.Debug|x86.Build.0 = Debug|Any CPU
		{86C51E77-4538-45D8-8519-F9C58E748352}.Release|Any CPU.ActiveCfg = Release|Any CPU
		{86C51E77-4538-45D8-8519-F9C58E748352}.Release|Any CPU.Build.0 = Release|Any CPU
		{86C51E77-4538-45D8-8519-F9C58E748352}.Release|x64.ActiveCfg = Release|Any CPU
		{86C51E77-4538-45D8-8519-F9C58E748352}.Release|x64.Build.0 = Release|Any CPU
		{86C51E77-4538-45D8-8519-F9C58E748352}.Release|x86.ActiveCfg = Release|Any CPU
		{86C51E77-4538-45D8-8519-F9C58E748352}.Release|x86.Build.0 = Release|Any CPU
		{D0FD9166-895A-47A2-9621-20455E0D6CD5}.Debug|Any CPU.ActiveCfg = Debug|Any CPU
		{D0FD9166-895A-47A2-9621-20455E0D6CD5}.Debug|Any CPU.Build.0 = Debug|Any CPU
		{D0FD9166-895A-47A2-9621-20455E0D6CD5}.Debug|x64.ActiveCfg = Debug|Any CPU
		{D0FD9166-895A-47A2-9621-20455E0D6CD5}.Debug|x64.Build.0 = Debug|Any CPU
		{D0FD9166-895A-47A2-9621-20455E0D6CD5}.Debug|x86.ActiveCfg = Debug|Any CPU
		{D0FD9166-895A-47A2-9621-20455E0D6CD5}.Debug|x86.Build.0 = Debug|Any CPU
		{D0FD9166-895A-47A2-9621-20455E0D6CD5}.Release|Any CPU.ActiveCfg = Release|Any CPU
		{D0FD9166-895A-47A2-9621-20455E0D6CD5}.Release|Any CPU.Build.0 = Release|Any CPU
		{D0FD9166-895A-47A2-9621-20455E0D6CD5}.Release|x64.ActiveCfg = Release|Any CPU
		{D0FD9166-895A-47A2-9621-20455E0D6CD5}.Release|x64.Build.0 = Release|Any CPU
		{D0FD9166-895A-47A2-9621-20455E0D6CD5}.Release|x86.ActiveCfg = Release|Any CPU
		{D0FD9166-895A-47A2-9621-20455E0D6CD5}.Release|x86.Build.0 = Release|Any CPU
		{30FDC611-D5F8-498A-8280-3EF3240779FE}.Debug|Any CPU.ActiveCfg = Debug|Any CPU
		{30FDC611-D5F8-498A-8280-3EF3240779FE}.Debug|Any CPU.Build.0 = Debug|Any CPU
		{30FDC611-D5F8-498A-8280-3EF3240779FE}.Debug|x64.ActiveCfg = Debug|Any CPU
		{30FDC611-D5F8-498A-8280-3EF3240779FE}.Debug|x64.Build.0 = Debug|Any CPU
		{30FDC611-D5F8-498A-8280-3EF3240779FE}.Debug|x86.ActiveCfg = Debug|Any CPU
		{30FDC611-D5F8-498A-8280-3EF3240779FE}.Debug|x86.Build.0 = Debug|Any CPU
		{30FDC611-D5F8-498A-8280-3EF3240779FE}.Release|Any CPU.ActiveCfg = Release|Any CPU
		{30FDC611-D5F8-498A-8280-3EF3240779FE}.Release|Any CPU.Build.0 = Release|Any CPU
		{30FDC611-D5F8-498A-8280-3EF3240779FE}.Release|x64.ActiveCfg = Release|Any CPU
		{30FDC611-D5F8-498A-8280-3EF3240779FE}.Release|x64.Build.0 = Release|Any CPU
		{30FDC611-D5F8-498A-8280-3EF3240779FE}.Release|x86.ActiveCfg = Release|Any CPU
		{30FDC611-D5F8-498A-8280-3EF3240779FE}.Release|x86.Build.0 = Release|Any CPU
		{865D413F-DD7D-4236-80F0-D01AEAA193B1}.Debug|Any CPU.ActiveCfg = Debug|Any CPU
		{865D413F-DD7D-4236-80F0-D01AEAA193B1}.Debug|Any CPU.Build.0 = Debug|Any CPU
		{865D413F-DD7D-4236-80F0-D01AEAA193B1}.Debug|x64.ActiveCfg = Debug|Any CPU
		{865D413F-DD7D-4236-80F0-D01AEAA193B1}.Debug|x64.Build.0 = Debug|Any CPU
		{865D413F-DD7D-4236-80F0-D01AEAA193B1}.Debug|x86.ActiveCfg = Debug|Any CPU
		{865D413F-DD7D-4236-80F0-D01AEAA193B1}.Debug|x86.Build.0 = Debug|Any CPU
		{865D413F-DD7D-4236-80F0-D01AEAA193B1}.Release|Any CPU.ActiveCfg = Release|Any CPU
		{865D413F-DD7D-4236-80F0-D01AEAA193B1}.Release|Any CPU.Build.0 = Release|Any CPU
		{865D413F-DD7D-4236-80F0-D01AEAA193B1}.Release|x64.ActiveCfg = Release|Any CPU
		{865D413F-DD7D-4236-80F0-D01AEAA193B1}.Release|x64.Build.0 = Release|Any CPU
		{865D413F-DD7D-4236-80F0-D01AEAA193B1}.Release|x86.ActiveCfg = Release|Any CPU
		{865D413F-DD7D-4236-80F0-D01AEAA193B1}.Release|x86.Build.0 = Release|Any CPU
		{272017EE-9912-48D5-8ADF-7A85738175B6}.Debug|Any CPU.ActiveCfg = Debug|Any CPU
		{272017EE-9912-48D5-8ADF-7A85738175B6}.Debug|Any CPU.Build.0 = Debug|Any CPU
		{272017EE-9912-48D5-8ADF-7A85738175B6}.Debug|x64.ActiveCfg = Debug|Any CPU
		{272017EE-9912-48D5-8ADF-7A85738175B6}.Debug|x64.Build.0 = Debug|Any CPU
		{272017EE-9912-48D5-8ADF-7A85738175B6}.Debug|x86.ActiveCfg = Debug|Any CPU
		{272017EE-9912-48D5-8ADF-7A85738175B6}.Debug|x86.Build.0 = Debug|Any CPU
		{272017EE-9912-48D5-8ADF-7A85738175B6}.Release|Any CPU.ActiveCfg = Release|Any CPU
		{272017EE-9912-48D5-8ADF-7A85738175B6}.Release|Any CPU.Build.0 = Release|Any CPU
		{272017EE-9912-48D5-8ADF-7A85738175B6}.Release|x64.ActiveCfg = Release|Any CPU
		{272017EE-9912-48D5-8ADF-7A85738175B6}.Release|x64.Build.0 = Release|Any CPU
		{272017EE-9912-48D5-8ADF-7A85738175B6}.Release|x86.ActiveCfg = Release|Any CPU
		{272017EE-9912-48D5-8ADF-7A85738175B6}.Release|x86.Build.0 = Release|Any CPU
		{D351FD60-5892-4E8D-9A71-CF6DECB68838}.Debug|Any CPU.ActiveCfg = Debug|Any CPU
		{D351FD60-5892-4E8D-9A71-CF6DECB68838}.Debug|Any CPU.Build.0 = Debug|Any CPU
		{D351FD60-5892-4E8D-9A71-CF6DECB68838}.Debug|x64.ActiveCfg = Debug|Any CPU
		{D351FD60-5892-4E8D-9A71-CF6DECB68838}.Debug|x64.Build.0 = Debug|Any CPU
		{D351FD60-5892-4E8D-9A71-CF6DECB68838}.Debug|x86.ActiveCfg = Debug|Any CPU
		{D351FD60-5892-4E8D-9A71-CF6DECB68838}.Debug|x86.Build.0 = Debug|Any CPU
		{D351FD60-5892-4E8D-9A71-CF6DECB68838}.Release|Any CPU.ActiveCfg = Release|Any CPU
		{D351FD60-5892-4E8D-9A71-CF6DECB68838}.Release|Any CPU.Build.0 = Release|Any CPU
		{D351FD60-5892-4E8D-9A71-CF6DECB68838}.Release|x64.ActiveCfg = Release|Any CPU
		{D351FD60-5892-4E8D-9A71-CF6DECB68838}.Release|x64.Build.0 = Release|Any CPU
		{D351FD60-5892-4E8D-9A71-CF6DECB68838}.Release|x86.ActiveCfg = Release|Any CPU
		{D351FD60-5892-4E8D-9A71-CF6DECB68838}.Release|x86.Build.0 = Release|Any CPU
	EndGlobalSection
	GlobalSection(NestedProjects) = preSolution
		{D351FD60-5892-4E8D-9A71-CF6DECB68838} = {2EFDB8E7-4D52-42BB-A80C-5E778BE01453}
	EndGlobalSection
EndGlobal
